# This file is autogenerated, do not edit; changes may be undone by the next 'dep ensure'.


[[projects]]
  branch = "master"
  name = "github.com/iotaledger/giota"
  packages = [
    ".",
    "cl"
  ]
  revision = "54b7a30885d781d1f1ba32e3943b941affcc849a"

[[projects]]
  branch = "master"
  name = "github.com/tildeleb/hashland"
  packages = ["keccakpg"]
  revision = "07375b562deaa8d6891f9618a04e94a0b98e2ee7"

[solve-meta]
  analyzer-name = "dep"
  analyzer-version = 1
  inputs-digest = "b23060001996d8e6da1225c0e5f99a04a05ae45dfaae5eb0b1c5e172c12d05e4"
  solver-name = "gps-cdcl"
  solver-version = 1
